
Microsoft Visual Studio Solution File, Format Version 12.00
# Visual Studio 14
VisualStudioVersion = 14.0.25420.1
MinimumVisualStudioVersion = 10.0.40219.1
Project("{FAE04EC0-301F-11D3-BF4B-00C04F79EFBC}") = "Proof.Elastic", "Proof.Elastic\Proof.Elastic.csproj", "{AB26DC06-43BD-4731-8701-137B17ADB882}"
EndProject
Project("{FAE04EC0-301F-11D3-BF4B-00C04F79EFBC}") = "Common", "Common\Common.csproj", "{AA9E0051-AB5C-4998-96E2-F725065AF78D}"
EndProject
Project("{8BB2217D-0F2D-49D1-97BC-3654ED321F3B}") = "AbcPdfTester", "AbcPdfTester\AbcPdfTester.xproj", "{1DFC8D56-DE93-4B06-BC84-10251FD4D396}"
EndProject
Project("{FAE04EC0-301F-11D3-BF4B-00C04F79EFBC}") = "SecureString.Test", "SecureString.Test\SecureString.Test.csproj", "{E828FA83-E378-48CF-AB24-32A99566F96E}"
EndProject
Project("{FAE04EC0-301F-11D3-BF4B-00C04F79EFBC}") = "MsTest.FsCheckTest", "MsTest.FsCheckTest\MsTest.FsCheckTest.csproj", "{05DA594A-2B24-4F00-B9C0-6BFF11AA826C}"
EndProject
Project("{FAE04EC0-301F-11D3-BF4B-00C04F79EFBC}") = "HackerRank", "hackerrank\HackerRank.csproj", "{AA735BAA-1158-4463-92DC-0176E38490CC}"
EndProject
Project("{FAE04EC0-301F-11D3-BF4B-00C04F79EFBC}") = "AkkaPOF", "AkkaPOF\AkkaPOF.csproj", "{5F92CC8E-1F22-40F3-9997-F2E1594E290C}"
EndProject
Project("{FAE04EC0-301F-11D3-BF4B-00C04F79EFBC}") = "AkkaPOF.ReportNode", "AkkaPOF.ReportNode\AkkaPOF.ReportNode.csproj", "{607D7E08-96A4-4AB8-BA04-D8B162EDA294}"
EndProject
Project("{FAE04EC0-301F-11D3-BF4B-00C04F79EFBC}") = "AkkaPOF.Client", "AkkaPOF.Client\AkkaPOF.Client.csproj", "{D41CBEB6-9CF8-4A6A-B64F-29F33003498D}"
EndProject
Project("{FAE04EC0-301F-11D3-BF4B-00C04F79EFBC}") = "AkkaPOF.Test", "AkkaPOF.Test\AkkaPOF.Test.csproj", "{584940C5-37C5-42F7-913A-0CFF3E9AA86F}"
EndProject
Project("{FAE04EC0-301F-11D3-BF4B-00C04F79EFBC}") = "StrongNamer", "StrongNamer\StrongNamer.csproj", "{01B535CD-0F82-4D64-AA1D-4ADA17DEF9F5}"
EndProject
Global
	GlobalSection(SolutionConfigurationPlatforms) = preSolution
		Debug|Any CPU = Debug|Any CPU
		Release|Any CPU = Release|Any CPU
	EndGlobalSection
	GlobalSection(ProjectConfigurationPlatforms) = postSolution
		{AB26DC06-43BD-4731-8701-137B17ADB882}.Debug|Any CPU.ActiveCfg = Debug|Any CPU
		{AB26DC06-43BD-4731-8701-137B17ADB882}.Debug|Any CPU.Build.0 = Debug|Any CPU
		{AB26DC06-43BD-4731-8701-137B17ADB882}.Release|Any CPU.ActiveCfg = Release|Any CPU
		{AB26DC06-43BD-4731-8701-137B17ADB882}.Release|Any CPU.Build.0 = Release|Any CPU
		{AA9E0051-AB5C-4998-96E2-F725065AF78D}.Debug|Any CPU.ActiveCfg = Debug|Any CPU
		{AA9E0051-AB5C-4998-96E2-F725065AF78D}.Debug|Any CPU.Build.0 = Debug|Any CPU
		{AA9E0051-AB5C-4998-96E2-F725065AF78D}.Release|Any CPU.ActiveCfg = Release|Any CPU
		{AA9E0051-AB5C-4998-96E2-F725065AF78D}.Release|Any CPU.Build.0 = Release|Any CPU
		{1DFC8D56-DE93-4B06-BC84-10251FD4D396}.Debug|Any CPU.ActiveCfg = Debug|Any CPU
		{1DFC8D56-DE93-4B06-BC84-10251FD4D396}.Debug|Any CPU.Build.0 = Debug|Any CPU
		{1DFC8D56-DE93-4B06-BC84-10251FD4D396}.Release|Any CPU.ActiveCfg = Release|Any CPU
		{1DFC8D56-DE93-4B06-BC84-10251FD4D396}.Release|Any CPU.Build.0 = Release|Any CPU
		{E828FA83-E378-48CF-AB24-32A99566F96E}.Debug|Any CPU.ActiveCfg = Debug|Any CPU
		{E828FA83-E378-48CF-AB24-32A99566F96E}.Debug|Any CPU.Build.0 = Debug|Any CPU
		{E828FA83-E378-48CF-AB24-32A99566F96E}.Release|Any CPU.ActiveCfg = Release|Any CPU
		{E828FA83-E378-48CF-AB24-32A99566F96E}.Release|Any CPU.Build.0 = Release|Any CPU
		{05DA594A-2B24-4F00-B9C0-6BFF11AA826C}.Debug|Any CPU.ActiveCfg = Debug|Any CPU
		{05DA594A-2B24-4F00-B9C0-6BFF11AA826C}.Debug|Any CPU.Build.0 = Debug|Any CPU
		{05DA594A-2B24-4F00-B9C0-6BFF11AA826C}.Release|Any CPU.ActiveCfg = Release|Any CPU
		{05DA594A-2B24-4F00-B9C0-6BFF11AA826C}.Release|Any CPU.Build.0 = Release|Any CPU
		{AA735BAA-1158-4463-92DC-0176E38490CC}.Debug|Any CPU.ActiveCfg = Debug|Any CPU
		{AA735BAA-1158-4463-92DC-0176E38490CC}.Debug|Any CPU.Build.0 = Debug|Any CPU
		{AA735BAA-1158-4463-92DC-0176E38490CC}.Release|Any CPU.ActiveCfg = Release|Any CPU
		{AA735BAA-1158-4463-92DC-0176E38490CC}.Release|Any CPU.Build.0 = Release|Any CPU
		{5F92CC8E-1F22-40F3-9997-F2E1594E290C}.Debug|Any CPU.ActiveCfg = Debug|Any CPU
		{5F92CC8E-1F22-40F3-9997-F2E1594E290C}.Debug|Any CPU.Build.0 = Debug|Any CPU
		{5F92CC8E-1F22-40F3-9997-F2E1594E290C}.Release|Any CPU.ActiveCfg = Release|Any CPU
		{5F92CC8E-1F22-40F3-9997-F2E1594E290C}.Release|Any CPU.Build.0 = Release|Any CPU
		{607D7E08-96A4-4AB8-BA04-D8B162EDA294}.Debug|Any CPU.ActiveCfg = Debug|Any CPU
		{607D7E08-96A4-4AB8-BA04-D8B162EDA294}.Debug|Any CPU.Build.0 = Debug|Any CPU
		{607D7E08-96A4-4AB8-BA04-D8B162EDA294}.Release|Any CPU.ActiveCfg = Release|Any CPU
		{607D7E08-96A4-4AB8-BA04-D8B162EDA294}.Release|Any CPU.Build.0 = Release|Any CPU
		{D41CBEB6-9CF8-4A6A-B64F-29F33003498D}.Debug|Any CPU.ActiveCfg = Debug|Any CPU
		{D41CBEB6-9CF8-4A6A-B64F-29F33003498D}.Debug|Any CPU.Build.0 = Debug|Any CPU
		{D41CBEB6-9CF8-4A6A-B64F-29F33003498D}.Release|Any CPU.ActiveCfg = Release|Any CPU
		{D41CBEB6-9CF8-4A6A-B64F-29F33003498D}.Release|Any CPU.Build.0 = Release|Any CPU
		{584940C5-37C5-42F7-913A-0CFF3E9AA86F}.Debug|Any CPU.ActiveCfg = Debug|Any CPU
		{584940C5-37C5-42F7-913A-0CFF3E9AA86F}.Debug|Any CPU.Build.0 = Debug|Any CPU
		{584940C5-37C5-42F7-913A-0CFF3E9AA86F}.Release|Any CPU.ActiveCfg = Release|Any CPU
		{584940C5-37C5-42F7-913A-0CFF3E9AA86F}.Release|Any CPU.Build.0 = Release|Any CPU
		{01B535CD-0F82-4D64-AA1D-4ADA17DEF9F5}.Debug|Any CPU.ActiveCfg = Debug|Any CPU
		{01B535CD-0F82-4D64-AA1D-4ADA17DEF9F5}.Debug|Any CPU.Build.0 = Debug|Any CPU
		{01B535CD-0F82-4D64-AA1D-4ADA17DEF9F5}.Release|Any CPU.ActiveCfg = Release|Any CPU
		{01B535CD-0F82-4D64-AA1D-4ADA17DEF9F5}.Release|Any CPU.Build.0 = Release|Any CPU
	EndGlobalSection
	GlobalSection(SolutionProperties) = preSolution
		HideSolutionNode = FALSE
	EndGlobalSection
EndGlobal
